// !$*UTF8*$!
{
	archiveVersion = 1;
	classes = {
	};
	objectVersion = 46;
	objects = {

/* Begin PBXBuildFile section */
		AF5C15B71B849610009EE9DC /* AppDelegate.swift in Sources */ = {isa = PBXBuildFile; fileRef = AF5C15B61B849610009EE9DC /* AppDelegate.swift */; };
		AF5C15B91B849610009EE9DC /* ViewController.swift in Sources */ = {isa = PBXBuildFile; fileRef = AF5C15B81B849610009EE9DC /* ViewController.swift */; };
		AF5C15BC1B849610009EE9DC /* Main.storyboard in Resources */ = {isa = PBXBuildFile; fileRef = AF5C15BA1B849610009EE9DC /* Main.storyboard */; };
		AF5C15BE1B849610009EE9DC /* Images.xcassets in Resources */ = {isa = PBXBuildFile; fileRef = AF5C15BD1B849610009EE9DC /* Images.xcassets */; };
		AF5C15C11B849610009EE9DC /* LaunchScreen.xib in Resources */ = {isa = PBXBuildFile; fileRef = AF5C15BF1B849610009EE9DC /* LaunchScreen.xib */; };
		AF5C15CD1B849610009EE9DC /* VolunteerCheckTests.swift in Sources */ = {isa = PBXBuildFile; fileRef = AF5C15CC1B849610009EE9DC /* VolunteerCheckTests.swift */; };
/* End PBXBuildFile section */

/* Begin PBXContainerItemProxy section */
		AF5C15C71B849610009EE9DC /* PBXContainerItemProxy */ = {
			isa = PBXContainerItemProxy;
			containerPortal = AF5C15A91B849610009EE9DC /* Project object */;
			proxyType = 1;
			remoteGlobalIDString = AF5C15B01B849610009EE9DC;
			remoteInfo = VolunteerCheck;
		};
/* End PBXContainerItemProxy section */

/* Begin PBXFileReference section */
		AF5C15B11B849610009EE9DC /* VolunteerCheck.app */ = {isa = PBXFileReference; explicitFileType = wrapper.application; includeInIndex = 0; path = VolunteerCheck.app; sourceTree = BUILT_PRODUCTS_DIR; };
		AF5C15B51B849610009EE9DC /* Info.plist */ = {isa = PBXFileReference; lastKnownFileType = text.plist.xml; path = Info.plist; sourceTree = "<group>"; };
		AF5C15B61B849610009EE9DC /* AppDelegate.swift */ = {isa = PBXFileReference; lastKnownFileType = sourcecode.swift; path = AppDelegate.swift; sourceTree = "<group>"; };
		AF5C15B81B849610009EE9DC /* ViewController.swift */ = {isa = PBXFileReference; lastKnownFileType = sourcecode.swift; path = ViewController.swift; sourceTree = "<group>"; };
		AF5C15BB1B849610009EE9DC /* Base */ = {isa = PBXFileReference; lastKnownFileType = file.storyboard; name = Base; path = Base.lproj/Main.storyboard; sourceTree = "<group>"; };
		AF5C15BD1B849610009EE9DC /* Images.xcassets */ = {isa = PBXFileReference; lastKnownFileType = folder.assetcatalog; path = Images.xcassets; sourceTree = "<group>"; };
		AF5C15C01B849610009EE9DC /* Base */ = {isa = PBXFileReference; lastKnownFileType = file.xib; name = Base; path = Base.lproj/LaunchScreen.xib; sourceTree = "<group>"; };
		AF5C15C61B849610009EE9DC /* VolunteerCheckTests.xctest */ = {isa = PBXFileReference; explicitFileType = wrapper.cfbundle; includeInIndex = 0; path = VolunteerCheckTests.xctest; sourceTree = BUILT_PRODUCTS_DIR; };
		AF5C15CB1B849610009EE9DC /* Info.plist */ = {isa = PBXFileReference; lastKnownFileType = text.plist.xml; path = Info.plist; sourceTree = "<group>"; };
		AF5C15CC1B849610009EE9DC /* VolunteerCheckTests.swift */ = {isa = PBXFileReference; lastKnownFileType = sourcecode.swift; path = VolunteerCheckTests.swift; sourceTree = "<group>"; };
/* End PBXFileReference section */

/* Begin PBXFrameworksBuildPhase section */
		AF5C15AE1B849610009EE9DC /* Frameworks */ = {
			isa = PBXFrameworksBuildPhase;
			buildActionMask = 2147483647;
			files = (
			);
			runOnlyForDeploymentPostprocessing = 0;
		};
		AF5C15C31B849610009EE9DC /* Frameworks */ = {
			isa = PBXFrameworksBuildPhase;
			buildActionMask = 2147483647;
			files = (
			);
			runOnlyForDeploymentPostprocessing = 0;
		};
/* End PBXFrameworksBuildPhase section */

/* Begin PBXGroup section */
		AF5C15A81B849610009EE9DC = {
			isa = PBXGroup;
			children = (
				AF5C15B31B849610009EE9DC /* VolunteerCheck */,
				AF5C15C91B849610009EE9DC /* VolunteerCheckTests */,
				AF5C15B21B849610009EE9DC /* Products */,
			);
			sourceTree = "<group>";
		};
		AF5C15B21B849610009EE9DC /* Products */ = {
			isa = PBXGroup;
			children = (
				AF5C15B11B849610009EE9DC /* VolunteerCheck.app */,
				AF5C15C61B849610009EE9DC /* VolunteerCheckTests.xctest */,
			);
			name = Products;
			sourceTree = "<group>";
		};
		AF5C15B31B849610009EE9DC /* VolunteerCheck */ = {
			isa = PBXGroup;
			children = (
				AF5C15B61B849610009EE9DC /* AppDelegate.swift */,
				AF5C15B81B849610009EE9DC /* ViewController.swift */,
				AF5C15BA1B849610009EE9DC /* Main.storyboard */,
				AF5C15BD1B849610009EE9DC /* Images.xcassets */,
				AF5C15BF1B849610009EE9DC /* LaunchScreen.xib */,
				AF5C15B41B849610009EE9DC /* Supporting Files */,
			);
			path = VolunteerCheck;
			sourceTree = "<group>";
		};
		AF5C15B41B849610009EE9DC /* Supporting Files */ = {
			isa = PBXGroup;
			children = (
				AF5C15B51B849610009EE9DC /* Info.plist */,
			);
			name = "Supporting Files";
			sourceTree = "<group>";
		};
		AF5C15C91B849610009EE9DC /* VolunteerCheckTests */ = {
			isa = PBXGroup;
			children = (
				AF5C15CC1B849610009EE9DC /* VolunteerCheckTests.swift */,
				AF5C15CA1B849610009EE9DC /* Supporting Files */,
			);
			path = VolunteerCheckTests;
			sourceTree = "<group>";
		};
		AF5C15CA1B849610009EE9DC /* Supporting Files */ = {
			isa = PBXGroup;
			children = (
				AF5C15CB1B849610009EE9DC /* Info.plist */,
			);
			name = "Supporting Files";
			sourceTree = "<group>";
		};
/* End PBXGroup section */

/* Begin PBXNativeTarget section */
		AF5C15B01B849610009EE9DC /* VolunteerCheck */ = {
			isa = PBXNativeTarget;
			buildConfigurationList = AF5C15D01B849610009EE9DC /* Build configuration list for PBXNativeTarget "VolunteerCheck" */;
			buildPhases = (
				AF5C15AD1B849610009EE9DC /* Sources */,
				AF5C15AE1B849610009EE9DC /* Frameworks */,
				AF5C15AF1B849610009EE9DC /* Resources */,
			);
			buildRules = (
			);
			dependencies = (
			);
			name = VolunteerCheck;
			productName = VolunteerCheck;
			productReference = AF5C15B11B849610009EE9DC /* VolunteerCheck.app */;
			productType = "com.apple.product-type.application";
		};
		AF5C15C51B849610009EE9DC /* VolunteerCheckTests */ = {
			isa = PBXNativeTarget;
			buildConfigurationList = AF5C15D31B849610009EE9DC /* Build configuration list for PBXNativeTarget "VolunteerCheckTests" */;
			buildPhases = (
				AF5C15C21B849610009EE9DC /* Sources */,
				AF5C15C31B849610009EE9DC /* Frameworks */,
				AF5C15C41B849610009EE9DC /* Resources */,
			);
			buildRules = (
			);
			dependencies = (
				AF5C15C81B849610009EE9DC /* PBXTargetDependency */,
			);
			name = VolunteerCheckTests;
			productName = VolunteerCheckTests;
			productReference = AF5C15C61B849610009EE9DC /* VolunteerCheckTests.xctest */;
			productType = "com.apple.product-type.bundle.unit-test";
		};
/* End PBXNativeTarget section */

/* Begin PBXProject section */
		AF5C15A91B849610009EE9DC /* Project object */ = {
			isa = PBXProject;
			attributes = {
				LastUpgradeCheck = 0640;
				ORGANIZATIONNAME = "Andrew Brissenden";
				TargetAttributes = {
					AF5C15B01B849610009EE9DC = {
						CreatedOnToolsVersion = 6.4;
					};
					AF5C15C51B849610009EE9DC = {
						CreatedOnToolsVersion = 6.4;
						TestTargetID = AF5C15B01B849610009EE9DC;
					};
				};
			};
			buildConfigurationList = AF5C15AC1B849610009EE9DC /* Build configuration list for PBXProject "VolunteerCheck" */;
			compatibilityVersion = "Xcode 3.2";
			developmentRegion = English;
			hasScannedForEncodings = 0;
			knownRegions = (
				en,
				Base,
			);
			mainGroup = AF5C15A81B849610009EE9DC;
			productRefGroup = AF5C15B21B849610009EE9DC /* Products */;
			projectDirPath = "";
			projectRoot = "";
			targets = (
				AF5C15B01B849610009EE9DC /* VolunteerCheck */,
				AF5C15C51B849610009EE9DC /* VolunteerCheckTests */,
			);
		};
/* End PBXProject section */

/* Begin PBXResourcesBuildPhase section */
		AF5C15AF1B849610009EE9DC /* Resources */ = {
			isa = PBXResourcesBuildPhase;
			buildActionMask = 2147483647;
			files = (
				AF5C15BC1B849610009EE9DC /* Main.storyboard in Resources */,
				AF5C15C11B849610009EE9DC /* LaunchScreen.xib in Resources */,
				AF5C15BE1B849610009EE9DC /* Images.xcassets in Resources */,
			);
			runOnlyForDeploymentPostprocessing = 0;
		};
		AF5C15C41B849610009EE9DC /* Resources */ = {
			isa = PBXResourcesBuildPhase;
			buildActionMask = 2147483647;
			files = (
			);
			runOnlyForDeploymentPostprocessing = 0;
		};
/* End PBXResourcesBuildPhase section */

/* Begin PBXSourcesBuildPhase section */
		AF5C15AD1B849610009EE9DC /* Sources */ = {
			isa = PBXSourcesBuildPhase;
			buildActionMask = 2147483647;
			files = (
				AF5C15B91B849610009EE9DC /* ViewController.swift in Sources */,
				AF5C15B71B849610009EE9DC /* AppDelegate.swift in Sources */,
			);
			runOnlyForDeploymentPostprocessing = 0;
		};
		AF5C15C21B849610009EE9DC /* Sources */ = {
			isa = PBXSourcesBuildPhase;
			buildActionMask = 2147483647;
			files = (
				AF5C15CD1B849610009EE9DC /* VolunteerCheckTests.swift in Sources */,
			);
			runOnlyForDeploymentPostprocessing = 0;
		};
/* End PBXSourcesBuildPhase section */

/* Begin PBXTargetDependency section */
		AF5C15C81B849610009EE9DC /* PBXTargetDependency */ = {
			isa = PBXTargetDependency;
			target = AF5C15B01B849610009EE9DC /* VolunteerCheck */;
			targetProxy = AF5C15C71B849610009EE9DC /* PBXContainerItemProxy */;
		};
/* End PBXTargetDependency section */

/* Begin PBXVariantGroup section */
		AF5C15BA1B849610009EE9DC /* Main.storyboard */ = {
			isa = PBXVariantGroup;
			children = (
				AF5C15BB1B849610009EE9DC /* Base */,
			);
			name = Main.storyboard;
			sourceTree = "<group>";
		};
		AF5C15BF1B849610009EE9DC /* LaunchScreen.xib */ = {
			isa = PBXVariantGroup;
			children = (
				AF5C15C01B849610009EE9DC /* Base */,
			);
			name = LaunchScreen.xib;
			sourceTree = "<group>";
		};
/* End PBXVariantGroup section */

/* Begin XCBuildConfiguration section */
		AF5C15CE1B849610009EE9DC /* Debug */ = {
			isa = XCBuildConfiguration;
			buildSettings = {
				ALWAYS_SEARCH_USER_PATHS = NO;
				CLANG_CXX_LANGUAGE_STANDARD = "gnu++0x";
				CLANG_CXX_LIBRARY = "libc++";
				CLANG_ENABLE_MODULES = YES;
				CLANG_ENABLE_OBJC_ARC = YES;
				CLANG_WARN_BOOL_CONVERSION = YES;
				CLANG_WARN_CONSTANT_CONVERSION = YES;
				CLANG_WARN_DIRECT_OBJC_ISA_USAGE = YES_ERROR;
				CLANG_WARN_EMPTY_BODY = YES;
				CLANG_WARN_ENUM_CONVERSION = YES;
				CLANG_WARN_INT_CONVERSION = YES;
				CLANG_WARN_OBJC_ROOT_CLASS = YES_ERROR;
				CLANG_WARN_UNREACHABLE_CODE = YES;
				CLANG_WARN__DUPLICATE_METHOD_MATCH = YES;
				"CODE_SIGN_IDENTITY[sdk=iphoneos*]" = "iPhone Developer";
				COPY_PHASE_STRIP = NO;
				DEBUG_INFORMATION_FORMAT = "dwarf-with-dsym";
				ENABLE_STRICT_OBJC_MSGSEND = YES;
				GCC_C_LANGUAGE_STANDARD = gnu99;
				GCC_DYNAMIC_NO_PIC = NO;
				GCC_NO_COMMON_BLOCKS = YES;
				GCC_OPTIMIZATION_LEVEL = 0;
				GCC_PREPROCESSOR_DEFINITIONS = (
					"DEBUG=1",
					"$(inherited)",
				);
				GCC_SYMBOLS_PRIVATE_EXTERN = NO;
				GCC_WARN_64_TO_32_BIT_CONVERSION = YES;
				GCC_WARN_ABOUT_RETURN_TYPE = YES_ERROR;
				GCC_WARN_UNDECLARED_SELECTOR = YES;
				GCC_WARN_UNINITIALIZED_AUTOS = YES_AGGRESSIVE;
				GCC_WARN_UNUSED_FUNCTION = YES;
				GCC_WARN_UNUSED_VARIABLE = YES;
				IPHONEOS_DEPLOYMENT_TARGET = 8.4;
				MTL_ENABLE_DEBUG_INFO = YES;
				ONLY_ACTIVE_ARCH = YES;
				SDKROOT = iphoneos;
				SWIFT_OPTIMIZATION_LEVEL = "-Onone";
				TARGETED_DEVICE_FAMILY = "1,2";
			};
			name = Debug;
		};
		AF5C15CF1B849610009EE9DC /* Release */ = {
			isa = XCBuildConfiguration;
			buildSettings = {
				ALWAYS_SEARCH_USER_PATHS = NO;
				CLANG_CXX_LANGUAGE_STANDARD = "gnu++0x";
				CLANG_CXX_LIBRARY = "libc++";
				CLANG_ENABLE_MODULES = YES;
				CLANG_ENABLE_OBJC_ARC = YES;
				CLANG_WARN_BOOL_CONVERSION = YES;
				CLANG_WARN_CONSTANT_CONVERSION = YES;
				CLANG_WARN_DIRECT_OBJC_ISA_USAGE = YES_ERROR;
				CLANG_WARN_EMPTY_BODY = YES;
				CLANG_WARN_ENUM_CONVERSION = YES;
				CLANG_WARN_INT_CONVERSION = YES;
				CLANG_WARN_OBJC_ROOT_CLASS = YES_ERROR;
				CLANG_WARN_UNREACHABLE_CODE = YES;
				CLANG_WARN__DUPLICATE_METHOD_MATCH = YES;
				"CODE_SIGN_IDENTITY[sdk=iphoneos*]" = "iPhone Developer";
				COPY_PHASE_STRIP = NO;
				DEBUG_INFORMATION_FORMAT = "dwarf-with-dsym";
				ENABLE_NS_ASSERTIONS = NO;
				ENABLE_STRICT_OBJC_MSGSEND = YES;
				GCC_C_LANGUAGE_STANDARD = gnu99;
				GCC_NO_COMMON_BLOCKS = YES;
				GCC_WARN_64_TO_32_BIT_CONVERSION = YES;
				GCC_WARN_ABOUT_RETURN_TYPE = YES_ERROR;
				GCC_WARN_UNDECLARED_SELECTOR = YES;
				GCC_WARN_UNINITIALIZED_AUTOS = YES_AGGRESSIVE;
				GCC_WARN_UNUSED_FUNCTION = YES;
				GCC_WARN_UNUSED_VARIABLE = YES;
				IPHONEOS_DEPLOYMENT_TARGET = 8.4;
				MTL_ENABLE_DEBUG_INFO = NO;
				SDKROOT = iphoneos;
				TARGETED_DEVICE_FAMILY = "1,2";
				VALIDATE_PRODUCT = YES;
			};
			name = Release;
		};
		AF5C15D11B849610009EE9DC /* Debug */ = {
			isa = XCBuildConfiguration;
			buildSettings = {
				ASSETCATALOG_COMPILER_APPICON_NAME = AppIcon;
				INFOPLIST_FILE = VolunteerCheck/Info.plist;
				LD_RUNPATH_SEARCH_PATHS = "$(inherited) @executable_path/Frameworks";
				PRODUCT_NAME = "$(TARGET_NAME)";
			};
			name = Debug;
		};
		AF5C15D21B849610009EE9DC /* Release */ = {
			isa = XCBuildConfiguration;
			buildSettings = {
				ASSETCATALOG_COMPILER_APPICON_NAME = AppIcon;
				INFOPLIST_FILE = VolunteerCheck/Info.plist;
				LD_RUNPATH_SEARCH_PATHS = "$(inherited) @executable_path/Frameworks";
				PRODUCT_NAME = "$(TARGET_NAME)";
			};
			name = Release;
		};
		AF5C15D41B849610009EE9DC /* Debug */ = {
			isa = XCBuildConfiguration;
			buildSettings = {
				BUNDLE_LOADER = "$(TEST_HOST)";
				FRAMEWORK_SEARCH_PATHS = (
					"$(SDKROOT)/Developer/Library/Frameworks",
					"$(inherited)",
				);
				GCC_PREPROCESSOR_DEFINITIONS = (
					"DEBUG=1",
					"$(inherited)",
				);
				INFOPLIST_FILE = VolunteerCheckTests/Info.plist;
				LD_RUNPATH_SEARCH_PATHS = "$(inherited) @executable_path/Frameworks @loader_path/Frameworks";
				PRODUCT_NAME = "$(TARGET_NAME)";
				TEST_HOST = "$(BUILT_PRODUCTS_DIR)/VolunteerCheck.app/VolunteerCheck";
			};
			name = Debug;
		};
		AF5C15D51B849610009EE9DC /* Release */ = {
			isa = XCBuildConfiguration;
			buildSettings = {
				BUNDLE_LOADER = "$(TEST_HOST)";
				FRAMEWORK_SEARCH_PATHS = (
					"$(SDKROOT)/Developer/Library/Frameworks",
					"$(inherited)",
				);
				INFOPLIST_FILE = VolunteerCheckTests/Info.plist;
				LD_RUNPATH_SEARCH_PATHS = "$(inherited) @executable_path/Frameworks @loader_path/Frameworks";
				PRODUCT_NAME = "$(TARGET_NAME)";
				TEST_HOST = "$(BUILT_PRODUCTS_DIR)/VolunteerCheck.app/VolunteerCheck";
			};
			name = Release;
		};
/* End XCBuildConfiguration section */

/* Begin XCConfigurationList section */
		AF5C15AC1B849610009EE9DC /* Build configuration list for PBXProject "VolunteerCheck" */ = {
			isa = XCConfigurationList;
			buildConfigurations = (
				AF5C15CE1B849610009EE9DC /* Debug */,
				AF5C15CF1B849610009EE9DC /* Release */,
			);
			defaultConfigurationIsVisible = 0;
			defaultConfigurationName = Release;
		};
		AF5C15D01B849610009EE9DC /* Build configuration list for PBXNativeTarget "VolunteerCheck" */ = {
			isa = XCConfigurationList;
			buildConfigurations = (
				AF5C15D11B849610009EE9DC /* Debug */,
				AF5C15D21B849610009EE9DC /* Release */,
			);
			defaultConfigurationIsVisible = 0;
		};
		AF5C15D31B849610009EE9DC /* Build configuration list for PBXNativeTarget "VolunteerCheckTests" */ = {
			isa = XCConfigurationList;
			buildConfigurations = (
				AF5C15D41B849610009EE9DC /* Debug */,
				AF5C15D51B849610009EE9DC /* Release */,
			);
			defaultConfigurationIsVisible = 0;
		};
/* End XCConfigurationList section */
	};
	rootObject = AF5C15A91B849610009EE9DC /* Project object */;
}
